// !$*UTF8*$!
{
	archiveVersion = 1;
	classes = {
	};
	objectVersion = 50;
	objects = {

/* Begin PBXBuildFile section */
		81F3EDD223CF0FF80019D35A /* AppDelegate.swift in Sources */ = {isa = PBXBuildFile; fileRef = 81F3EDD123CF0FF80019D35A /* AppDelegate.swift */; };
		81F3EDD423CF0FF80019D35A /* ViewController.swift in Sources */ = {isa = PBXBuildFile; fileRef = 81F3EDD323CF0FF80019D35A /* ViewController.swift */; };
		81F3EDD723CF0FF80019D35A /* Main.storyboard in Resources */ = {isa = PBXBuildFile; fileRef = 81F3EDD523CF0FF80019D35A /* Main.storyboard */; };
		81F3EDD923CF0FF90019D35A /* Assets.xcassets in Resources */ = {isa = PBXBuildFile; fileRef = 81F3EDD823CF0FF90019D35A /* Assets.xcassets */; };
		81F3EDDC23CF0FF90019D35A /* LaunchScreen.storyboard in Resources */ = {isa = PBXBuildFile; fileRef = 81F3EDDA23CF0FF90019D35A /* LaunchScreen.storyboard */; };
		81F3EDE723CF0FF90019D35A /* iScanTests.swift in Sources */ = {isa = PBXBuildFile; fileRef = 81F3EDE623CF0FF90019D35A /* iScanTests.swift */; };
		81F3EDF223CF0FF90019D35A /* iScanUITests.swift in Sources */ = {isa = PBXBuildFile; fileRef = 81F3EDF123CF0FF90019D35A /* iScanUITests.swift */; };
		B0284BAE8E85B2749488C4F7 /* libPods-iScan-iScanUITests.a in Frameworks */ = {isa = PBXBuildFile; fileRef = 34CC34B2E34EF38B544B9199 /* libPods-iScan-iScanUITests.a */; };
		D7D2576EC831DAD930D3ECDD /* libPods-iScanTests.a in Frameworks */ = {isa = PBXBuildFile; fileRef = 47EFC38FC49226B14CE65323 /* libPods-iScanTests.a */; };
		DF933805950DCA9B23D0D5E2 /* libPods-iScan.a in Frameworks */ = {isa = PBXBuildFile; fileRef = 91EAF2BD6370E453CADD1587 /* libPods-iScan.a */; };
/* End PBXBuildFile section */

/* Begin PBXContainerItemProxy section */
		81F3EDE323CF0FF90019D35A /* PBXContainerItemProxy */ = {
			isa = PBXContainerItemProxy;
			containerPortal = 81F3EDC623CF0FF80019D35A /* Project object */;
			proxyType = 1;
			remoteGlobalIDString = 81F3EDCD23CF0FF80019D35A;
			remoteInfo = iScan;
		};
		81F3EDEE23CF0FF90019D35A /* PBXContainerItemProxy */ = {
			isa = PBXContainerItemProxy;
			containerPortal = 81F3EDC623CF0FF80019D35A /* Project object */;
			proxyType = 1;
			remoteGlobalIDString = 81F3EDCD23CF0FF80019D35A;
			remoteInfo = iScan;
		};
/* End PBXContainerItemProxy section */

/* Begin PBXFileReference section */
		34CC34B2E34EF38B544B9199 /* libPods-iScan-iScanUITests.a */ = {isa = PBXFileReference; explicitFileType = archive.ar; includeInIndex = 0; path = "libPods-iScan-iScanUITests.a"; sourceTree = BUILT_PRODUCTS_DIR; };
		47EFC38FC49226B14CE65323 /* libPods-iScanTests.a */ = {isa = PBXFileReference; explicitFileType = archive.ar; includeInIndex = 0; path = "libPods-iScanTests.a"; sourceTree = BUILT_PRODUCTS_DIR; };
		7352EEC78AE7843511D4484B /* Pods-iScan.debug.xcconfig */ = {isa = PBXFileReference; includeInIndex = 1; lastKnownFileType = text.xcconfig; name = "Pods-iScan.debug.xcconfig"; path = "Target Support Files/Pods-iScan/Pods-iScan.debug.xcconfig"; sourceTree = "<group>"; };
		81F3EDCE23CF0FF80019D35A /* iScan.app */ = {isa = PBXFileReference; explicitFileType = wrapper.application; includeInIndex = 0; path = iScan.app; sourceTree = BUILT_PRODUCTS_DIR; };
		81F3EDD123CF0FF80019D35A /* AppDelegate.swift */ = {isa = PBXFileReference; lastKnownFileType = sourcecode.swift; name = AppDelegate.swift; path = "../New Group/AppDelegate.swift"; sourceTree = "<group>"; };
		81F3EDD323CF0FF80019D35A /* ViewController.swift */ = {isa = PBXFileReference; lastKnownFileType = sourcecode.swift; path = ViewController.swift; sourceTree = "<group>"; };
		81F3EDD623CF0FF80019D35A /* Base */ = {isa = PBXFileReference; lastKnownFileType = file.storyboard; name = Base; path = Base.lproj/Main.storyboard; sourceTree = "<group>"; };
		81F3EDD823CF0FF90019D35A /* Assets.xcassets */ = {isa = PBXFileReference; lastKnownFileType = folder.assetcatalog; path = Assets.xcassets; sourceTree = "<group>"; };
		81F3EDDB23CF0FF90019D35A /* Base */ = {isa = PBXFileReference; lastKnownFileType = file.storyboard; name = Base; path = Base.lproj/LaunchScreen.storyboard; sourceTree = "<group>"; };
		81F3EDDD23CF0FF90019D35A /* Info.plist */ = {isa = PBXFileReference; lastKnownFileType = text.plist.xml; path = Info.plist; sourceTree = "<group>"; };
		81F3EDE223CF0FF90019D35A /* iScanTests.xctest */ = {isa = PBXFileReference; explicitFileType = wrapper.cfbundle; includeInIndex = 0; path = iScanTests.xctest; sourceTree = BUILT_PRODUCTS_DIR; };
		81F3EDE623CF0FF90019D35A /* iScanTests.swift */ = {isa = PBXFileReference; lastKnownFileType = sourcecode.swift; path = iScanTests.swift; sourceTree = "<group>"; };
		81F3EDE823CF0FF90019D35A /* Info.plist */ = {isa = PBXFileReference; lastKnownFileType = text.plist.xml; path = Info.plist; sourceTree = "<group>"; };
		81F3EDED23CF0FF90019D35A /* iScanUITests.xctest */ = {isa = PBXFileReference; explicitFileType = wrapper.cfbundle; includeInIndex = 0; path = iScanUITests.xctest; sourceTree = BUILT_PRODUCTS_DIR; };
		81F3EDF123CF0FF90019D35A /* iScanUITests.swift */ = {isa = PBXFileReference; lastKnownFileType = sourcecode.swift; path = iScanUITests.swift; sourceTree = "<group>"; };
		81F3EDF323CF0FF90019D35A /* Info.plist */ = {isa = PBXFileReference; lastKnownFileType = text.plist.xml; path = Info.plist; sourceTree = "<group>"; };
		91EAF2BD6370E453CADD1587 /* libPods-iScan.a */ = {isa = PBXFileReference; explicitFileType = archive.ar; includeInIndex = 0; path = "libPods-iScan.a"; sourceTree = BUILT_PRODUCTS_DIR; };
		9B35A95293FF76E9A5B8BAC0 /* Pods-iScan.release.xcconfig */ = {isa = PBXFileReference; includeInIndex = 1; lastKnownFileType = text.xcconfig; name = "Pods-iScan.release.xcconfig"; path = "Target Support Files/Pods-iScan/Pods-iScan.release.xcconfig"; sourceTree = "<group>"; };
		9D3A8854A7586769FEE167EB /* Pods-iScan-iScanUITests.debug.xcconfig */ = {isa = PBXFileReference; includeInIndex = 1; lastKnownFileType = text.xcconfig; name = "Pods-iScan-iScanUITests.debug.xcconfig"; path = "Target Support Files/Pods-iScan-iScanUITests/Pods-iScan-iScanUITests.debug.xcconfig"; sourceTree = "<group>"; };
		A2584F47CE95CA9DDC59176B /* Pods-iScan-iScanUITests.release.xcconfig */ = {isa = PBXFileReference; includeInIndex = 1; lastKnownFileType = text.xcconfig; name = "Pods-iScan-iScanUITests.release.xcconfig"; path = "Target Support Files/Pods-iScan-iScanUITests/Pods-iScan-iScanUITests.release.xcconfig"; sourceTree = "<group>"; };
		AD89C3AB08DB177AF13FB365 /* Pods-iScanTests.release.xcconfig */ = {isa = PBXFileReference; includeInIndex = 1; lastKnownFileType = text.xcconfig; name = "Pods-iScanTests.release.xcconfig"; path = "Target Support Files/Pods-iScanTests/Pods-iScanTests.release.xcconfig"; sourceTree = "<group>"; };
		FEC430BDCD1821F8BE7926DA /* Pods-iScanTests.debug.xcconfig */ = {isa = PBXFileReference; includeInIndex = 1; lastKnownFileType = text.xcconfig; name = "Pods-iScanTests.debug.xcconfig"; path = "Target Support Files/Pods-iScanTests/Pods-iScanTests.debug.xcconfig"; sourceTree = "<group>"; };
/* End PBXFileReference section */

/* Begin PBXFrameworksBuildPhase section */
		81F3EDCB23CF0FF80019D35A /* Frameworks */ = {
			isa = PBXFrameworksBuildPhase;
			buildActionMask = 2147483647;
			files = (
				DF933805950DCA9B23D0D5E2 /* libPods-iScan.a in Frameworks */,
			);
			runOnlyForDeploymentPostprocessing = 0;
		};
		81F3EDDF23CF0FF90019D35A /* Frameworks */ = {
			isa = PBXFrameworksBuildPhase;
			buildActionMask = 2147483647;
			files = (
				D7D2576EC831DAD930D3ECDD /* libPods-iScanTests.a in Frameworks */,
			);
			runOnlyForDeploymentPostprocessing = 0;
		};
		81F3EDEA23CF0FF90019D35A /* Frameworks */ = {
			isa = PBXFrameworksBuildPhase;
			buildActionMask = 2147483647;
			files = (
				B0284BAE8E85B2749488C4F7 /* libPods-iScan-iScanUITests.a in Frameworks */,
			);
			runOnlyForDeploymentPostprocessing = 0;
		};
/* End PBXFrameworksBuildPhase section */

/* Begin PBXGroup section */
		51408C37947F84107AD44A1D /* Pods */ = {
			isa = PBXGroup;
			children = (
				7352EEC78AE7843511D4484B /* Pods-iScan.debug.xcconfig */,
				9B35A95293FF76E9A5B8BAC0 /* Pods-iScan.release.xcconfig */,
				9D3A8854A7586769FEE167EB /* Pods-iScan-iScanUITests.debug.xcconfig */,
				A2584F47CE95CA9DDC59176B /* Pods-iScan-iScanUITests.release.xcconfig */,
				FEC430BDCD1821F8BE7926DA /* Pods-iScanTests.debug.xcconfig */,
				AD89C3AB08DB177AF13FB365 /* Pods-iScanTests.release.xcconfig */,
			);
			path = Pods;
			sourceTree = "<group>";
		};
		81044D8423D00A84001D8B7E /* App */ = {
			isa = PBXGroup;
			children = (
				81F3EDD123CF0FF80019D35A /* AppDelegate.swift */,
			);
			path = App;
			sourceTree = "<group>";
		};
		81F3EDC523CF0FF80019D35A = {
			isa = PBXGroup;
			children = (
				81F3EDD023CF0FF80019D35A /* iScan */,
				81F3EDE523CF0FF90019D35A /* iScanTests */,
				81F3EDF023CF0FF90019D35A /* iScanUITests */,
				81F3EDCF23CF0FF80019D35A /* Products */,
				51408C37947F84107AD44A1D /* Pods */,
				9885C06EDE05DF542BDB115D /* Frameworks */,
			);
			sourceTree = "<group>";
		};
		81F3EDCF23CF0FF80019D35A /* Products */ = {
			isa = PBXGroup;
			children = (
				81F3EDCE23CF0FF80019D35A /* iScan.app */,
				81F3EDE223CF0FF90019D35A /* iScanTests.xctest */,
				81F3EDED23CF0FF90019D35A /* iScanUITests.xctest */,
			);
			name = Products;
			sourceTree = "<group>";
		};
		81F3EDD023CF0FF80019D35A /* iScan */ = {
			isa = PBXGroup;
			children = (
				81044D8423D00A84001D8B7E /* App */,
				81F3EDD323CF0FF80019D35A /* ViewController.swift */,
				81F3EDD523CF0FF80019D35A /* Main.storyboard */,
				81F3EDD823CF0FF90019D35A /* Assets.xcassets */,
				81F3EDDA23CF0FF90019D35A /* LaunchScreen.storyboard */,
				81F3EDDD23CF0FF90019D35A /* Info.plist */,
			);
			path = iScan;
			sourceTree = "<group>";
		};
		81F3EDE523CF0FF90019D35A /* iScanTests */ = {
			isa = PBXGroup;
			children = (
				81F3EDE623CF0FF90019D35A /* iScanTests.swift */,
				81F3EDE823CF0FF90019D35A /* Info.plist */,
			);
			path = iScanTests;
			sourceTree = "<group>";
		};
		81F3EDF023CF0FF90019D35A /* iScanUITests */ = {
			isa = PBXGroup;
			children = (
				81F3EDF123CF0FF90019D35A /* iScanUITests.swift */,
				81F3EDF323CF0FF90019D35A /* Info.plist */,
			);
			path = iScanUITests;
			sourceTree = "<group>";
		};
		9885C06EDE05DF542BDB115D /* Frameworks */ = {
			isa = PBXGroup;
			children = (
				91EAF2BD6370E453CADD1587 /* libPods-iScan.a */,
				34CC34B2E34EF38B544B9199 /* libPods-iScan-iScanUITests.a */,
				47EFC38FC49226B14CE65323 /* libPods-iScanTests.a */,
			);
			name = Frameworks;
			sourceTree = "<group>";
		};
/* End PBXGroup section */

/* Begin PBXNativeTarget section */
		81F3EDCD23CF0FF80019D35A /* iScan */ = {
			isa = PBXNativeTarget;
			buildConfigurationList = 81F3EDF623CF0FF90019D35A /* Build configuration list for PBXNativeTarget "iScan" */;
			buildPhases = (
				370265CC3EA4951EE08C51AC /* [CP] Check Pods Manifest.lock */,
				81F3EDCA23CF0FF80019D35A /* Sources */,
				81F3EDCB23CF0FF80019D35A /* Frameworks */,
				81F3EDCC23CF0FF80019D35A /* Resources */,
			);
			buildRules = (
			);
			dependencies = (
			);
			name = iScan;
			productName = iScan;
			productReference = 81F3EDCE23CF0FF80019D35A /* iScan.app */;
			productType = "com.apple.product-type.application";
		};
		81F3EDE123CF0FF90019D35A /* iScanTests */ = {
			isa = PBXNativeTarget;
			buildConfigurationList = 81F3EDF923CF0FF90019D35A /* Build configuration list for PBXNativeTarget "iScanTests" */;
			buildPhases = (
				0288B28CA089F972F3396AF2 /* [CP] Check Pods Manifest.lock */,
				81F3EDDE23CF0FF90019D35A /* Sources */,
				81F3EDDF23CF0FF90019D35A /* Frameworks */,
				81F3EDE023CF0FF90019D35A /* Resources */,
			);
			buildRules = (
			);
			dependencies = (
				81F3EDE423CF0FF90019D35A /* PBXTargetDependency */,
			);
			name = iScanTests;
			productName = iScanTests;
			productReference = 81F3EDE223CF0FF90019D35A /* iScanTests.xctest */;
			productType = "com.apple.product-type.bundle.unit-test";
		};
		81F3EDEC23CF0FF90019D35A /* iScanUITests */ = {
			isa = PBXNativeTarget;
			buildConfigurationList = 81F3EDFC23CF0FF90019D35A /* Build configuration list for PBXNativeTarget "iScanUITests" */;
			buildPhases = (
				9DB84A871623F1D07869B2CB /* [CP] Check Pods Manifest.lock */,
				81F3EDE923CF0FF90019D35A /* Sources */,
				81F3EDEA23CF0FF90019D35A /* Frameworks */,
				81F3EDEB23CF0FF90019D35A /* Resources */,
			);
			buildRules = (
			);
			dependencies = (
				81F3EDEF23CF0FF90019D35A /* PBXTargetDependency */,
			);
			name = iScanUITests;
			productName = iScanUITests;
			productReference = 81F3EDED23CF0FF90019D35A /* iScanUITests.xctest */;
			productType = "com.apple.product-type.bundle.ui-testing";
		};
/* End PBXNativeTarget section */

/* Begin PBXProject section */
		81F3EDC623CF0FF80019D35A /* Project object */ = {
			isa = PBXProject;
			attributes = {
				LastSwiftUpdateCheck = 1020;
				LastUpgradeCheck = 1020;
				ORGANIZATIONNAME = zzyong;
				TargetAttributes = {
					81F3EDCD23CF0FF80019D35A = {
						CreatedOnToolsVersion = 10.2;
					};
					81F3EDE123CF0FF90019D35A = {
						CreatedOnToolsVersion = 10.2;
						TestTargetID = 81F3EDCD23CF0FF80019D35A;
					};
					81F3EDEC23CF0FF90019D35A = {
						CreatedOnToolsVersion = 10.2;
						TestTargetID = 81F3EDCD23CF0FF80019D35A;
					};
				};
			};
			buildConfigurationList = 81F3EDC923CF0FF80019D35A /* Build configuration list for PBXProject "iScan" */;
			compatibilityVersion = "Xcode 9.3";
			developmentRegion = en;
			hasScannedForEncodings = 0;
			knownRegions = (
				en,
				Base,
			);
			mainGroup = 81F3EDC523CF0FF80019D35A;
			productRefGroup = 81F3EDCF23CF0FF80019D35A /* Products */;
			projectDirPath = "";
			projectRoot = "";
			targets = (
				81F3EDCD23CF0FF80019D35A /* iScan */,
				81F3EDE123CF0FF90019D35A /* iScanTests */,
				81F3EDEC23CF0FF90019D35A /* iScanUITests */,
			);
		};
/* End PBXProject section */

/* Begin PBXResourcesBuildPhase section */
		81F3EDCC23CF0FF80019D35A /* Resources */ = {
			isa = PBXResourcesBuildPhase;
			buildActionMask = 2147483647;
			files = (
				81F3EDDC23CF0FF90019D35A /* LaunchScreen.storyboard in Resources */,
				81F3EDD923CF0FF90019D35A /* Assets.xcassets in Resources */,
				81F3EDD723CF0FF80019D35A /* Main.storyboard in Resources */,
			);
			runOnlyForDeploymentPostprocessing = 0;
		};
		81F3EDE023CF0FF90019D35A /* Resources */ = {
			isa = PBXResourcesBuildPhase;
			buildActionMask = 2147483647;
			files = (
			);
			runOnlyForDeploymentPostprocessing = 0;
		};
		81F3EDEB23CF0FF90019D35A /* Resources */ = {
			isa = PBXResourcesBuildPhase;
			buildActionMask = 2147483647;
			files = (
			);
			runOnlyForDeploymentPostprocessing = 0;
		};
/* End PBXResourcesBuildPhase section */

/* Begin PBXShellScriptBuildPhase section */
		0288B28CA089F972F3396AF2 /* [CP] Check Pods Manifest.lock */ = {
			isa = PBXShellScriptBuildPhase;
			buildActionMask = 2147483647;
			files = (
			);
			inputFileListPaths = (
			);
			inputPaths = (
				"${PODS_PODFILE_DIR_PATH}/Podfile.lock",
				"${PODS_ROOT}/Manifest.lock",
			);
			name = "[CP] Check Pods Manifest.lock";
			outputFileListPaths = (
			);
			outputPaths = (
				"$(DERIVED_FILE_DIR)/Pods-iScanTests-checkManifestLockResult.txt",
			);
			runOnlyForDeploymentPostprocessing = 0;
			shellPath = /bin/sh;
			shellScript = "diff \"${PODS_PODFILE_DIR_PATH}/Podfile.lock\" \"${PODS_ROOT}/Manifest.lock\" > /dev/null\nif [ $? != 0 ] ; then\n    # print error to STDERR\n    echo \"error: The sandbox is not in sync with the Podfile.lock. Run 'pod install' or update your CocoaPods installation.\" >&2\n    exit 1\nfi\n# This output is used by Xcode 'outputs' to avoid re-running this script phase.\necho \"SUCCESS\" > \"${SCRIPT_OUTPUT_FILE_0}\"\n";
			showEnvVarsInLog = 0;
		};
		370265CC3EA4951EE08C51AC /* [CP] Check Pods Manifest.lock */ = {
			isa = PBXShellScriptBuildPhase;
			buildActionMask = 2147483647;
			files = (
			);
			inputFileListPaths = (
			);
			inputPaths = (
				"${PODS_PODFILE_DIR_PATH}/Podfile.lock",
				"${PODS_ROOT}/Manifest.lock",
			);
			name = "[CP] Check Pods Manifest.lock";
			outputFileListPaths = (
			);
			outputPaths = (
				"$(DERIVED_FILE_DIR)/Pods-iScan-checkManifestLockResult.txt",
			);
			runOnlyForDeploymentPostprocessing = 0;
			shellPath = /bin/sh;
			shellScript = "diff \"${PODS_PODFILE_DIR_PATH}/Podfile.lock\" \"${PODS_ROOT}/Manifest.lock\" > /dev/null\nif [ $? != 0 ] ; then\n    # print error to STDERR\n    echo \"error: The sandbox is not in sync with the Podfile.lock. Run 'pod install' or update your CocoaPods installation.\" >&2\n    exit 1\nfi\n# This output is used by Xcode 'outputs' to avoid re-running this script phase.\necho \"SUCCESS\" > \"${SCRIPT_OUTPUT_FILE_0}\"\n";
			showEnvVarsInLog = 0;
		};
		9DB84A871623F1D07869B2CB /* [CP] Check Pods Manifest.lock */ = {
			isa = PBXShellScriptBuildPhase;
			buildActionMask = 2147483647;
			files = (
			);
			inputFileListPaths = (
			);
			inputPaths = (
				"${PODS_PODFILE_DIR_PATH}/Podfile.lock",
				"${PODS_ROOT}/Manifest.lock",
			);
			name = "[CP] Check Pods Manifest.lock";
			outputFileListPaths = (
			);
			outputPaths = (
				"$(DERIVED_FILE_DIR)/Pods-iScan-iScanUITests-checkManifestLockResult.txt",
			);
			runOnlyForDeploymentPostprocessing = 0;
			shellPath = /bin/sh;
			shellScript = "diff \"${PODS_PODFILE_DIR_PATH}/Podfile.lock\" \"${PODS_ROOT}/Manifest.lock\" > /dev/null\nif [ $? != 0 ] ; then\n    # print error to STDERR\n    echo \"error: The sandbox is not in sync with the Podfile.lock. Run 'pod install' or update your CocoaPods installation.\" >&2\n    exit 1\nfi\n# This output is used by Xcode 'outputs' to avoid re-running this script phase.\necho \"SUCCESS\" > \"${SCRIPT_OUTPUT_FILE_0}\"\n";
			showEnvVarsInLog = 0;
		};
/* End PBXShellScriptBuildPhase section */

/* Begin PBXSourcesBuildPhase section */
		81F3EDCA23CF0FF80019D35A /* Sources */ = {
			isa = PBXSourcesBuildPhase;
			buildActionMask = 2147483647;
			files = (
				81F3EDD423CF0FF80019D35A /* ViewController.swift in Sources */,
				81F3EDD223CF0FF80019D35A /* AppDelegate.swift in Sources */,
			);
			runOnlyForDeploymentPostprocessing = 0;
		};
		81F3EDDE23CF0FF90019D35A /* Sources */ = {
			isa = PBXSourcesBuildPhase;
			buildActionMask = 2147483647;
			files = (
				81F3EDE723CF0FF90019D35A /* iScanTests.swift in Sources */,
			);
			runOnlyForDeploymentPostprocessing = 0;
		};
		81F3EDE923CF0FF90019D35A /* Sources */ = {
			isa = PBXSourcesBuildPhase;
			buildActionMask = 2147483647;
			files = (
				81F3EDF223CF0FF90019D35A /* iScanUITests.swift in Sources */,
			);
			runOnlyForDeploymentPostprocessing = 0;
		};
/* End PBXSourcesBuildPhase section */

/* Begin PBXTargetDependency section */
		81F3EDE423CF0FF90019D35A /* PBXTargetDependency */ = {
			isa = PBXTargetDependency;
			target = 81F3EDCD23CF0FF80019D35A /* iScan */;
			targetProxy = 81F3EDE323CF0FF90019D35A /* PBXContainerItemProxy */;
		};
		81F3EDEF23CF0FF90019D35A /* PBXTargetDependency */ = {
			isa = PBXTargetDependency;
			target = 81F3EDCD23CF0FF80019D35A /* iScan */;
			targetProxy = 81F3EDEE23CF0FF90019D35A /* PBXContainerItemProxy */;
		};
/* End PBXTargetDependency section */

/* Begin PBXVariantGroup section */
		81F3EDD523CF0FF80019D35A /* Main.storyboard */ = {
			isa = PBXVariantGroup;
			children = (
				81F3EDD623CF0FF80019D35A /* Base */,
			);
			name = Main.storyboard;
			sourceTree = "<group>";
		};
		81F3EDDA23CF0FF90019D35A /* LaunchScreen.storyboard */ = {
			isa = PBXVariantGroup;
			children = (
				81F3EDDB23CF0FF90019D35A /* Base */,
			);
			name = LaunchScreen.storyboard;
			sourceTree = "<group>";
		};
/* End PBXVariantGroup section */

/* Begin XCBuildConfiguration section */
		81F3EDF423CF0FF90019D35A /* Debug */ = {
			isa = XCBuildConfiguration;
			buildSettings = {
				ALWAYS_SEARCH_USER_PATHS = NO;
				CLANG_ANALYZER_NONNULL = YES;
				CLANG_ANALYZER_NUMBER_OBJECT_CONVERSION = YES_AGGRESSIVE;
				CLANG_CXX_LANGUAGE_STANDARD = "gnu++14";
				CLANG_CXX_LIBRARY = "libc++";
				CLANG_ENABLE_MODULES = YES;
				CLANG_ENABLE_OBJC_ARC = YES;
				CLANG_ENABLE_OBJC_WEAK = YES;
				CLANG_WARN_BLOCK_CAPTURE_AUTORELEASING = YES;
				CLANG_WARN_BOOL_CONVERSION = YES;
				CLANG_WARN_COMMA = YES;
				CLANG_WARN_CONSTANT_CONVERSION = YES;
				CLANG_WARN_DEPRECATED_OBJC_IMPLEMENTATIONS = YES;
				CLANG_WARN_DIRECT_OBJC_ISA_USAGE = YES_ERROR;
				CLANG_WARN_DOCUMENTATION_COMMENTS = YES;
				CLANG_WARN_EMPTY_BODY = YES;
				CLANG_WARN_ENUM_CONVERSION = YES;
				CLANG_WARN_INFINITE_RECURSION = YES;
				CLANG_WARN_INT_CONVERSION = YES;
				CLANG_WARN_NON_LITERAL_NULL_CONVERSION = YES;
				CLANG_WARN_OBJC_IMPLICIT_RETAIN_SELF = YES;
				CLANG_WARN_OBJC_LITERAL_CONVERSION = YES;
				CLANG_WARN_OBJC_ROOT_CLASS = YES_ERROR;
				CLANG_WARN_RANGE_LOOP_ANALYSIS = YES;
				CLANG_WARN_STRICT_PROTOTYPES = YES;
				CLANG_WARN_SUSPICIOUS_MOVE = YES;
				CLANG_WARN_UNGUARDED_AVAILABILITY = YES_AGGRESSIVE;
				CLANG_WARN_UNREACHABLE_CODE = YES;
				CLANG_WARN__DUPLICATE_METHOD_MATCH = YES;
				CODE_SIGN_IDENTITY = "iPhone Developer";
				COPY_PHASE_STRIP = NO;
				DEBUG_INFORMATION_FORMAT = dwarf;
				ENABLE_STRICT_OBJC_MSGSEND = YES;
				ENABLE_TESTABILITY = YES;
				GCC_C_LANGUAGE_STANDARD = gnu11;
				GCC_DYNAMIC_NO_PIC = NO;
				GCC_NO_COMMON_BLOCKS = YES;
				GCC_OPTIMIZATION_LEVEL = 0;
				GCC_PREPROCESSOR_DEFINITIONS = (
					"DEBUG=1",
					"$(inherited)",
				);
				GCC_WARN_64_TO_32_BIT_CONVERSION = YES;
				GCC_WARN_ABOUT_RETURN_TYPE = YES_ERROR;
				GCC_WARN_UNDECLARED_SELECTOR = YES;
				GCC_WARN_UNINITIALIZED_AUTOS = YES_AGGRESSIVE;
				GCC_WARN_UNUSED_FUNCTION = YES;
				GCC_WARN_UNUSED_VARIABLE = YES;
				IPHONEOS_DEPLOYMENT_TARGET = 12.2;
				MTL_ENABLE_DEBUG_INFO = INCLUDE_SOURCE;
				MTL_FAST_MATH = YES;
				ONLY_ACTIVE_ARCH = YES;
				SDKROOT = iphoneos;
				SWIFT_ACTIVE_COMPILATION_CONDITIONS = DEBUG;
				SWIFT_OPTIMIZATION_LEVEL = "-Onone";
			};
			name = Debug;
		};
		81F3EDF523CF0FF90019D35A /* Release */ = {
			isa = XCBuildConfiguration;
			buildSettings = {
				ALWAYS_SEARCH_USER_PATHS = NO;
				CLANG_ANALYZER_NONNULL = YES;
				CLANG_ANALYZER_NUMBER_OBJECT_CONVERSION = YES_AGGRESSIVE;
				CLANG_CXX_LANGUAGE_STANDARD = "gnu++14";
				CLANG_CXX_LIBRARY = "libc++";
				CLANG_ENABLE_MODULES = YES;
				CLANG_ENABLE_OBJC_ARC = YES;
				CLANG_ENABLE_OBJC_WEAK = YES;
				CLANG_WARN_BLOCK_CAPTURE_AUTORELEASING = YES;
				CLANG_WARN_BOOL_CONVERSION = YES;
				CLANG_WARN_COMMA = YES;
				CLANG_WARN_CONSTANT_CONVERSION = YES;
				CLANG_WARN_DEPRECATED_OBJC_IMPLEMENTATIONS = YES;
				CLANG_WARN_DIRECT_OBJC_ISA_USAGE = YES_ERROR;
				CLANG_WARN_DOCUMENTATION_COMMENTS = YES;
				CLANG_WARN_EMPTY_BODY = YES;
				CLANG_WARN_ENUM_CONVERSION = YES;
				CLANG_WARN_INFINITE_RECURSION = YES;
				CLANG_WARN_INT_CONVERSION = YES;
				CLANG_WARN_NON_LITERAL_NULL_CONVERSION = YES;
				CLANG_WARN_OBJC_IMPLICIT_RETAIN_SELF = YES;
				CLANG_WARN_OBJC_LITERAL_CONVERSION = YES;
				CLANG_WARN_OBJC_ROOT_CLASS = YES_ERROR;
				CLANG_WARN_RANGE_LOOP_ANALYSIS = YES;
				CLANG_WARN_STRICT_PROTOTYPES = YES;
				CLANG_WARN_SUSPICIOUS_MOVE = YES;
				CLANG_WARN_UNGUARDED_AVAILABILITY = YES_AGGRESSIVE;
				CLANG_WARN_UNREACHABLE_CODE = YES;
				CLANG_WARN__DUPLICATE_METHOD_MATCH = YES;
				CODE_SIGN_IDENTITY = "iPhone Developer";
				COPY_PHASE_STRIP = NO;
				DEBUG_INFORMATION_FORMAT = "dwarf-with-dsym";
				ENABLE_NS_ASSERTIONS = NO;
				ENABLE_STRICT_OBJC_MSGSEND = YES;
				GCC_C_LANGUAGE_STANDARD = gnu11;
				GCC_NO_COMMON_BLOCKS = YES;
				GCC_WARN_64_TO_32_BIT_CONVERSION = YES;
				GCC_WARN_ABOUT_RETURN_TYPE = YES_ERROR;
				GCC_WARN_UNDECLARED_SELECTOR = YES;
				GCC_WARN_UNINITIALIZED_AUTOS = YES_AGGRESSIVE;
				GCC_WARN_UNUSED_FUNCTION = YES;
				GCC_WARN_UNUSED_VARIABLE = YES;
				IPHONEOS_DEPLOYMENT_TARGET = 12.2;
				MTL_ENABLE_DEBUG_INFO = NO;
				MTL_FAST_MATH = YES;
				SDKROOT = iphoneos;
				SWIFT_COMPILATION_MODE = wholemodule;
				SWIFT_OPTIMIZATION_LEVEL = "-O";
				VALIDATE_PRODUCT = YES;
			};
			name = Release;
		};
		81F3EDF723CF0FF90019D35A /* Debug */ = {
			isa = XCBuildConfiguration;
			baseConfigurationReference = 7352EEC78AE7843511D4484B /* Pods-iScan.debug.xcconfig */;
			buildSettings = {
				ASSETCATALOG_COMPILER_APPICON_NAME = AppIcon;
				CODE_SIGN_STYLE = Automatic;
				DEVELOPMENT_TEAM = 5F24R2G835;
				FRAMEWORK_SEARCH_PATHS = (
					"$(inherited)",
					"$(PROJECT_DIR)",
					"$(PROJECT_DIR)/iScan/ThirdPartLibs",
				);
				INFOPLIST_FILE = iScan/Info.plist;
				IPHONEOS_DEPLOYMENT_TARGET = 9.0;
				LD_RUNPATH_SEARCH_PATHS = (
					"$(inherited)",
					"@executable_path/Frameworks",
				);
				ONLY_ACTIVE_ARCH = YES;
				PRODUCT_BUNDLE_IDENTIFIER = zzyong.iScan;
				PRODUCT_NAME = "$(TARGET_NAME)";
				SWIFT_VERSION = 5.0;
				TARGETED_DEVICE_FAMILY = "1,2";
				VALID_ARCHS = "arm64 armv7";
			};
			name = Debug;
		};
		81F3EDF823CF0FF90019D35A /* Release */ = {
			isa = XCBuildConfiguration;
			baseConfigurationReference = 9B35A95293FF76E9A5B8BAC0 /* Pods-iScan.release.xcconfig */;
			buildSettings = {
				ASSETCATALOG_COMPILER_APPICON_NAME = AppIcon;
				CODE_SIGN_STYLE = Automatic;
				DEVELOPMENT_TEAM = 5F24R2G835;
				FRAMEWORK_SEARCH_PATHS = (
					"$(inherited)",
					"$(PROJECT_DIR)",
					"$(PROJECT_DIR)/iScan/ThirdPartLibs",
				);
				INFOPLIST_FILE = iScan/Info.plist;
				IPHONEOS_DEPLOYMENT_TARGET = 9.0;
				LD_RUNPATH_SEARCH_PATHS = (
					"$(inherited)",
					"@executable_path/Frameworks",
				);
				PRODUCT_BUNDLE_IDENTIFIER = zzyong.iScan;
				PRODUCT_NAME = "$(TARGET_NAME)";
				SWIFT_VERSION = 5.0;
				TARGETED_DEVICE_FAMILY = "1,2";
				VALID_ARCHS = "arm64 armv7";
			};
			name = Release;
		};
		81F3EDFA23CF0FF90019D35A /* Debug */ = {
			isa = XCBuildConfiguration;
			baseConfigurationReference = FEC430BDCD1821F8BE7926DA /* Pods-iScanTests.debug.xcconfig */;
			buildSettings = {
				ALWAYS_EMBED_SWIFT_STANDARD_LIBRARIES = YES;
				BUNDLE_LOADER = "$(TEST_HOST)";
				CODE_SIGN_STYLE = Automatic;
				INFOPLIST_FILE = iScanTests/Info.plist;
				LD_RUNPATH_SEARCH_PATHS = (
					"$(inherited)",
					"@executable_path/Frameworks",
					"@loader_path/Frameworks",
				);
				PRODUCT_BUNDLE_IDENTIFIER = zzyong.iScanTests;
				PRODUCT_NAME = "$(TARGET_NAME)";
				SWIFT_VERSION = 5.0;
				TARGETED_DEVICE_FAMILY = "1,2";
				TEST_HOST = "$(BUILT_PRODUCTS_DIR)/iScan.app/iScan";
			};
			name = Debug;
		};
		81F3EDFB23CF0FF90019D35A /* Release */ = {
			isa = XCBuildConfiguration;
			baseConfigurationReference = AD89C3AB08DB177AF13FB365 /* Pods-iScanTests.release.xcconfig */;
			buildSettings = {
				ALWAYS_EMBED_SWIFT_STANDARD_LIBRARIES = YES;
				BUNDLE_LOADER = "$(TEST_HOST)";
				CODE_SIGN_STYLE = Automatic;
				INFOPLIST_FILE = iScanTests/Info.plist;
				LD_RUNPATH_SEARCH_PATHS = (
					"$(inherited)",
					"@executable_path/Frameworks",
					"@loader_path/Frameworks",
				);
				PRODUCT_BUNDLE_IDENTIFIER = zzyong.iScanTests;
				PRODUCT_NAME = "$(TARGET_NAME)";
				SWIFT_VERSION = 5.0;
				TARGETED_DEVICE_FAMILY = "1,2";
				TEST_HOST = "$(BUILT_PRODUCTS_DIR)/iScan.app/iScan";
			};
			name = Release;
		};
		81F3EDFD23CF0FF90019D35A /* Debug */ = {
			isa = XCBuildConfiguration;
			baseConfigurationReference = 9D3A8854A7586769FEE167EB /* Pods-iScan-iScanUITests.debug.xcconfig */;
			buildSettings = {
				ALWAYS_EMBED_SWIFT_STANDARD_LIBRARIES = YES;
				CODE_SIGN_STYLE = Automatic;
				INFOPLIST_FILE = iScanUITests/Info.plist;
				LD_RUNPATH_SEARCH_PATHS = (
					"$(inherited)",
					"@executable_path/Frameworks",
					"@loader_path/Frameworks",
				);
				PRODUCT_BUNDLE_IDENTIFIER = zzyong.iScanUITests;
				PRODUCT_NAME = "$(TARGET_NAME)";
				SWIFT_VERSION = 5.0;
				TARGETED_DEVICE_FAMILY = "1,2";
				TEST_TARGET_NAME = iScan;
			};
			name = Debug;
		};
		81F3EDFE23CF0FF90019D35A /* Release */ = {
			isa = XCBuildConfiguration;
			baseConfigurationReference = A2584F47CE95CA9DDC59176B /* Pods-iScan-iScanUITests.release.xcconfig */;
			buildSettings = {
				ALWAYS_EMBED_SWIFT_STANDARD_LIBRARIES = YES;
				CODE_SIGN_STYLE = Automatic;
				INFOPLIST_FILE = iScanUITests/Info.plist;
				LD_RUNPATH_SEARCH_PATHS = (
					"$(inherited)",
					"@executable_path/Frameworks",
					"@loader_path/Frameworks",
				);
				PRODUCT_BUNDLE_IDENTIFIER = zzyong.iScanUITests;
				PRODUCT_NAME = "$(TARGET_NAME)";
				SWIFT_VERSION = 5.0;
				TARGETED_DEVICE_FAMILY = "1,2";
				TEST_TARGET_NAME = iScan;
			};
			name = Release;
		};
/* End XCBuildConfiguration section */

/* Begin XCConfigurationList section */
		81F3EDC923CF0FF80019D35A /* Build configuration list for PBXProject "iScan" */ = {
			isa = XCConfigurationList;
			buildConfigurations = (
				81F3EDF423CF0FF90019D35A /* Debug */,
				81F3EDF523CF0FF90019D35A /* Release */,
			);
			defaultConfigurationIsVisible = 0;
			defaultConfigurationName = Release;
		};
		81F3EDF623CF0FF90019D35A /* Build configuration list for PBXNativeTarget "iScan" */ = {
			isa = XCConfigurationList;
			buildConfigurations = (
				81F3EDF723CF0FF90019D35A /* Debug */,
				81F3EDF823CF0FF90019D35A /* Release */,
			);
			defaultConfigurationIsVisible = 0;
			defaultConfigurationName = Release;
		};
		81F3EDF923CF0FF90019D35A /* Build configuration list for PBXNativeTarget "iScanTests" */ = {
			isa = XCConfigurationList;
			buildConfigurations = (
				81F3EDFA23CF0FF90019D35A /* Debug */,
				81F3EDFB23CF0FF90019D35A /* Release */,
			);
			defaultConfigurationIsVisible = 0;
			defaultConfigurationName = Release;
		};
		81F3EDFC23CF0FF90019D35A /* Build configuration list for PBXNativeTarget "iScanUITests" */ = {
			isa = XCConfigurationList;
			buildConfigurations = (
				81F3EDFD23CF0FF90019D35A /* Debug */,
				81F3EDFE23CF0FF90019D35A /* Release */,
			);
			defaultConfigurationIsVisible = 0;
			defaultConfigurationName = Release;
		};
/* End XCConfigurationList section */
	};
	rootObject = 81F3EDC623CF0FF80019D35A /* Project object */;
}
