PODS:
  - OpenCV (4.1.0)
  - SwiftyTesseract (2.2.2)

DEPENDENCIES:
  - OpenCV (~> 4.1.0)
  - SwiftyTesseract (~> 2.0)

SPEC REPOS:
  trunk:
    - OpenCV
    - SwiftyTesseract

SPEC CHECKSUMS:
  OpenCV: 52cd4d72ff29e2be83421477aec5447320b7fb19
  SwiftyTesseract: a05d2c6771872f203a9ba65055cb2a8b6a385552

PODFILE CHECKSUM: 71f53ef9d440a0ad60bd1800e17f4c83c31bd46d

COCOAPODS: 1.8.4
